
Microsoft Visual Studio Solution File, Format Version 12.00
# Blend for Visual Studio Version 16
VisualStudioVersion = 16.0.31129.286
MinimumVisualStudioVersion = 10.0.40219.1
Project("{FAE04EC0-301F-11D3-BF4B-00C04F79EFBC}") = "SysEstética", "SysEstética\SysEstética.csproj", "{BC1F4895-C2C6-479A-B1DA-7F84A274417E}"
EndProject
Project("{FAE04EC0-301F-11D3-BF4B-00C04F79EFBC}") = "Domain", "Domain\Domain.csproj", "{11760E68-2F33-4C10-8F6D-13B44E6C26B8}"
EndProject
Project("{FAE04EC0-301F-11D3-BF4B-00C04F79EFBC}") = "DataAccess", "DataAccess\DataAccess.csproj", "{2B6FB036-2FC9-40F1-B8D5-9FB5E32EABE9}"
EndProject
Global
	GlobalSection(SolutionConfigurationPlatforms) = preSolution
		Debug|Any CPU = Debug|Any CPU
		Release|Any CPU = Release|Any CPU
	EndGlobalSection
	GlobalSection(ProjectConfigurationPlatforms) = postSolution
		{BC1F4895-C2C6-479A-B1DA-7F84A274417E}.Debug|Any CPU.ActiveCfg = Debug|Any CPU
		{BC1F4895-C2C6-479A-B1DA-7F84A274417E}.Debug|Any CPU.Build.0 = Debug|Any CPU
		{BC1F4895-C2C6-479A-B1DA-7F84A274417E}.Release|Any CPU.ActiveCfg = Release|Any CPU
		{BC1F4895-C2C6-479A-B1DA-7F84A274417E}.Release|Any CPU.Build.0 = Release|Any CPU
		{11760E68-2F33-4C10-8F6D-13B44E6C26B8}.Debug|Any CPU.ActiveCfg = Debug|Any CPU
		{11760E68-2F33-4C10-8F6D-13B44E6C26B8}.Debug|Any CPU.Build.0 = Debug|Any CPU
		{11760E68-2F33-4C10-8F6D-13B44E6C26B8}.Release|Any CPU.ActiveCfg = Release|Any CPU
		{11760E68-2F33-4C10-8F6D-13B44E6C26B8}.Release|Any CPU.Build.0 = Release|Any CPU
		{2B6FB036-2FC9-40F1-B8D5-9FB5E32EABE9}.Debug|Any CPU.ActiveCfg = Debug|Any CPU
		{2B6FB036-2FC9-40F1-B8D5-9FB5E32EABE9}.Debug|Any CPU.Build.0 = Debug|Any CPU
		{2B6FB036-2FC9-40F1-B8D5-9FB5E32EABE9}.Release|Any CPU.ActiveCfg = Release|Any CPU
		{2B6FB036-2FC9-40F1-B8D5-9FB5E32EABE9}.Release|Any CPU.Build.0 = Release|Any CPU
	EndGlobalSection
	GlobalSection(SolutionProperties) = preSolution
		HideSolutionNode = FALSE
	EndGlobalSection
	GlobalSection(ExtensibilityGlobals) = postSolution
		SolutionGuid = {111438B0-0E73-4DD4-A065-DA2403DB8BF4}
	EndGlobalSection
EndGlobal
